
Microsoft Visual Studio Solution File, Format Version 12.00
# Visual Studio Version 17
VisualStudioVersion = 17.9.34622.214
MinimumVisualStudioVersion = 10.0.40219.1
Project("{FAE04EC0-301F-11D3-BF4B-00C04F79EFBC}") = "Arrays_LabTask", "Arrays_LabTask.csproj", "{E964C10F-1FC1-44FF-A491-6E5FDCFAC56C}"
EndProject
Global
	GlobalSection(SolutionConfigurationPlatforms) = preSolution
		Debug|Any CPU = Debug|Any CPU
		Release|Any CPU = Release|Any CPU
	EndGlobalSection
	GlobalSection(ProjectConfigurationPlatforms) = postSolution
		{E964C10F-1FC1-44FF-A491-6E5FDCFAC56C}.Debug|Any CPU.ActiveCfg = Debug|Any CPU
		{E964C10F-1FC1-44FF-A491-6E5FDCFAC56C}.Debug|Any CPU.Build.0 = Debug|Any CPU
		{E964C10F-1FC1-44FF-A491-6E5FDCFAC56C}.Release|Any CPU.ActiveCfg = Release|Any CPU
		{E964C10F-1FC1-44FF-A491-6E5FDCFAC56C}.Release|Any CPU.Build.0 = Release|Any CPU
	EndGlobalSection
	GlobalSection(SolutionProperties) = preSolution
		HideSolutionNode = FALSE
	EndGlobalSection
	GlobalSection(ExtensibilityGlobals) = postSolution
		SolutionGuid = {1E8D9616-4F81-414B-9752-81FF10C96970}
	EndGlobalSection
EndGlobal
