
Microsoft Visual Studio Solution File, Format Version 12.00
# Visual Studio Version 17
VisualStudioVersion = 17.12.35514.174
MinimumVisualStudioVersion = 10.0.40219.1
Project("{FAE04EC0-301F-11D3-BF4B-00C04F79EFBC}") = "Pronia.MVC", "Pronia.MVC.csproj", "{2D2BC112-A1D8-4F1A-AA4F-9DB2E91B2EC4}"
EndProject
Project("{FAE04EC0-301F-11D3-BF4B-00C04F79EFBC}") = "Pronia.DAL", "..\Pronia.DAL\Pronia.DAL.csproj", "{A5DE3837-C7B8-4E51-8B21-4AE58016E066}"
EndProject
Project("{FAE04EC0-301F-11D3-BF4B-00C04F79EFBC}") = "Pronia.BL", "..\Pronia.BL\Pronia.BL.csproj", "{591BD990-5016-4D49-A3CD-4B4731B17EBD}"
EndProject
Global
	GlobalSection(SolutionConfigurationPlatforms) = preSolution
		Debug|Any CPU = Debug|Any CPU
		Release|Any CPU = Release|Any CPU
	EndGlobalSection
	GlobalSection(ProjectConfigurationPlatforms) = postSolution
		{2D2BC112-A1D8-4F1A-AA4F-9DB2E91B2EC4}.Debug|Any CPU.ActiveCfg = Debug|Any CPU
		{2D2BC112-A1D8-4F1A-AA4F-9DB2E91B2EC4}.Debug|Any CPU.Build.0 = Debug|Any CPU
		{2D2BC112-A1D8-4F1A-AA4F-9DB2E91B2EC4}.Release|Any CPU.ActiveCfg = Release|Any CPU
		{2D2BC112-A1D8-4F1A-AA4F-9DB2E91B2EC4}.Release|Any CPU.Build.0 = Release|Any CPU
		{A5DE3837-C7B8-4E51-8B21-4AE58016E066}.Debug|Any CPU.ActiveCfg = Debug|Any CPU
		{A5DE3837-C7B8-4E51-8B21-4AE58016E066}.Debug|Any CPU.Build.0 = Debug|Any CPU
		{A5DE3837-C7B8-4E51-8B21-4AE58016E066}.Release|Any CPU.ActiveCfg = Release|Any CPU
		{A5DE3837-C7B8-4E51-8B21-4AE58016E066}.Release|Any CPU.Build.0 = Release|Any CPU
		{591BD990-5016-4D49-A3CD-4B4731B17EBD}.Debug|Any CPU.ActiveCfg = Debug|Any CPU
		{591BD990-5016-4D49-A3CD-4B4731B17EBD}.Debug|Any CPU.Build.0 = Debug|Any CPU
		{591BD990-5016-4D49-A3CD-4B4731B17EBD}.Release|Any CPU.ActiveCfg = Release|Any CPU
		{591BD990-5016-4D49-A3CD-4B4731B17EBD}.Release|Any CPU.Build.0 = Release|Any CPU
	EndGlobalSection
	GlobalSection(SolutionProperties) = preSolution
		HideSolutionNode = FALSE
	EndGlobalSection
EndGlobal
